
Microsoft Visual Studio Solution File, Format Version 12.00
# Visual Studio Version 16
VisualStudioVersion = 16.0.29911.84
MinimumVisualStudioVersion = 10.0.40219.1
Project("{9A19103F-16F7-4668-BE54-9A1E7A4F7556}") = "Ogam3", "Ogam3\Ogam3.csproj", "{75C9EA24-E356-4197-B72A-99D41699898D}"
EndProject
Project("{2150E333-8FDC-42A3-9474-1A3956D46DE8}") = "Examples", "Examples", "{A9204EF7-6FDC-4A39-A5DF-79989788D50D}"
EndProject
Project("{2150E333-8FDC-42A3-9474-1A3956D46DE8}") = "Tests", "Tests", "{5062EB51-B061-4777-AB5B-84F87AD8D77F}"
EndProject
Project("{9A19103F-16F7-4668-BE54-9A1E7A4F7556}") = "TestEvaluator", "Tests\TestEvaluator\TestEvaluator.csproj", "{72E78A52-AAD8-4578-A186-925ABCB50077}"
EndProject
Project("{9A19103F-16F7-4668-BE54-9A1E7A4F7556}") = "TestForth", "Tests\TestForth\TestForth.csproj", "{B029B691-557C-4F3A-9231-6ABD4C0C1919}"
EndProject
Global
	GlobalSection(SolutionConfigurationPlatforms) = preSolution
		Debug|Any CPU = Debug|Any CPU
		Release|Any CPU = Release|Any CPU
	EndGlobalSection
	GlobalSection(ProjectConfigurationPlatforms) = postSolution
		{75C9EA24-E356-4197-B72A-99D41699898D}.Debug|Any CPU.ActiveCfg = Debug|Any CPU
		{75C9EA24-E356-4197-B72A-99D41699898D}.Debug|Any CPU.Build.0 = Debug|Any CPU
		{75C9EA24-E356-4197-B72A-99D41699898D}.Release|Any CPU.ActiveCfg = Release|Any CPU
		{75C9EA24-E356-4197-B72A-99D41699898D}.Release|Any CPU.Build.0 = Release|Any CPU
		{72E78A52-AAD8-4578-A186-925ABCB50077}.Debug|Any CPU.ActiveCfg = Debug|Any CPU
		{72E78A52-AAD8-4578-A186-925ABCB50077}.Debug|Any CPU.Build.0 = Debug|Any CPU
		{72E78A52-AAD8-4578-A186-925ABCB50077}.Release|Any CPU.ActiveCfg = Release|Any CPU
		{72E78A52-AAD8-4578-A186-925ABCB50077}.Release|Any CPU.Build.0 = Release|Any CPU
		{B029B691-557C-4F3A-9231-6ABD4C0C1919}.Debug|Any CPU.ActiveCfg = Debug|Any CPU
		{B029B691-557C-4F3A-9231-6ABD4C0C1919}.Debug|Any CPU.Build.0 = Debug|Any CPU
		{B029B691-557C-4F3A-9231-6ABD4C0C1919}.Release|Any CPU.ActiveCfg = Release|Any CPU
		{B029B691-557C-4F3A-9231-6ABD4C0C1919}.Release|Any CPU.Build.0 = Release|Any CPU
	EndGlobalSection
	GlobalSection(SolutionProperties) = preSolution
		HideSolutionNode = FALSE
	EndGlobalSection
	GlobalSection(NestedProjects) = preSolution
		{72E78A52-AAD8-4578-A186-925ABCB50077} = {5062EB51-B061-4777-AB5B-84F87AD8D77F}
		{B029B691-557C-4F3A-9231-6ABD4C0C1919} = {5062EB51-B061-4777-AB5B-84F87AD8D77F}
	EndGlobalSection
	GlobalSection(ExtensibilityGlobals) = postSolution
		SolutionGuid = {4542CFE0-FDC3-4AD2-A34F-DE53B310BE28}
	EndGlobalSection
EndGlobal
