
Microsoft Visual Studio Solution File, Format Version 12.00
# Visual Studio Version 16
VisualStudioVersion = 16.0.29911.84
MinimumVisualStudioVersion = 10.0.40219.1
Project("{FAE04EC0-301F-11D3-BF4B-00C04F79EFBC}") = "Ogam3", "Ogam3\Ogam3.csproj", "{75C9EA24-E356-4197-B72A-99D41699898D}"
EndProject
Project("{2150E333-8FDC-42A3-9474-1A3956D46DE8}") = "Examples", "Examples", "{A9204EF7-6FDC-4A39-A5DF-79989788D50D}"
EndProject
Project("{2150E333-8FDC-42A3-9474-1A3956D46DE8}") = "Tcp", "Tcp", "{C194E246-25DD-4660-B635-5882233792C6}"
EndProject
Project("{FAE04EC0-301F-11D3-BF4B-00C04F79EFBC}") = "TcpServer", "Examples\Tcp\TcpServer\TcpServer.csproj", "{2855A488-F10D-4FD9-AA1C-15AD905994B3}"
EndProject
Project("{FAE04EC0-301F-11D3-BF4B-00C04F79EFBC}") = "TcpClient", "Examples\Tcp\TcpClient\TcpClient.csproj", "{CF851F86-032E-4A1C-BF5F-6F23D85DFFD5}"
EndProject
Project("{FAE04EC0-301F-11D3-BF4B-00C04F79EFBC}") = "CommonInterface", "Examples\Tcp\CommonInterface\CommonInterface.csproj", "{B3703892-277E-4AA7-A0DD-8D0796489101}"
EndProject
Project("{2150E333-8FDC-42A3-9474-1A3956D46DE8}") = "Tests", "Tests", "{5062EB51-B061-4777-AB5B-84F87AD8D77F}"
EndProject
Project("{FAE04EC0-301F-11D3-BF4B-00C04F79EFBC}") = "TestEvaluator", "Tests\TestEvaluator\TestEvaluator.csproj", "{72E78A52-AAD8-4578-A186-925ABCB50077}"
EndProject
Project("{FAE04EC0-301F-11D3-BF4B-00C04F79EFBC}") = "PerformanceNetCompare", "Tests\PerformanceNetCompare\PerformanceNetCompare.csproj", "{39B90406-FE71-4813-ADA2-851966132AF7}"
EndProject
Project("{2150E333-8FDC-42A3-9474-1A3956D46DE8}") = "Pipe", "Pipe", "{927711C4-032D-4714-B0CD-65A5F480BCDE}"
EndProject
Project("{FAE04EC0-301F-11D3-BF4B-00C04F79EFBC}") = "PipeServer", "Examples\Pipe\PipeServer\PipeServer.csproj", "{9B29992E-D031-4CBE-826A-C8407DBA51CA}"
EndProject
Project("{FAE04EC0-301F-11D3-BF4B-00C04F79EFBC}") = "PipeClient", "Examples\Pipe\PipeClient\PipeClient.csproj", "{5A76533C-9D02-48B1-BB07-B7C7617CD895}"
EndProject
Project("{FAE04EC0-301F-11D3-BF4B-00C04F79EFBC}") = "DataBase", "Examples\DataBase\DataBase.csproj", "{3CA3814C-9961-4564-8564-F0C2F9428554}"
EndProject
Project("{FAE04EC0-301F-11D3-BF4B-00C04F79EFBC}") = "TestForth", "Tests\TestForth\TestForth.csproj", "{B029B691-557C-4F3A-9231-6ABD4C0C1919}"
EndProject
Project("{FAE04EC0-301F-11D3-BF4B-00C04F79EFBC}") = "SingleThreadTcp", "Examples\Tcp\SingleThreadTcp\SingleThreadTcp.csproj", "{FA9223CC-8D61-4216-8E0F-4DB15460BB78}"
EndProject
Global
	GlobalSection(SolutionConfigurationPlatforms) = preSolution
		Debug|Any CPU = Debug|Any CPU
		Release|Any CPU = Release|Any CPU
	EndGlobalSection
	GlobalSection(ProjectConfigurationPlatforms) = postSolution
		{75C9EA24-E356-4197-B72A-99D41699898D}.Debug|Any CPU.ActiveCfg = Debug|Any CPU
		{75C9EA24-E356-4197-B72A-99D41699898D}.Debug|Any CPU.Build.0 = Debug|Any CPU
		{75C9EA24-E356-4197-B72A-99D41699898D}.Release|Any CPU.ActiveCfg = Release|Any CPU
		{75C9EA24-E356-4197-B72A-99D41699898D}.Release|Any CPU.Build.0 = Release|Any CPU
		{2855A488-F10D-4FD9-AA1C-15AD905994B3}.Debug|Any CPU.ActiveCfg = Debug|Any CPU
		{2855A488-F10D-4FD9-AA1C-15AD905994B3}.Debug|Any CPU.Build.0 = Debug|Any CPU
		{2855A488-F10D-4FD9-AA1C-15AD905994B3}.Release|Any CPU.ActiveCfg = Release|Any CPU
		{2855A488-F10D-4FD9-AA1C-15AD905994B3}.Release|Any CPU.Build.0 = Release|Any CPU
		{CF851F86-032E-4A1C-BF5F-6F23D85DFFD5}.Debug|Any CPU.ActiveCfg = Debug|Any CPU
		{CF851F86-032E-4A1C-BF5F-6F23D85DFFD5}.Debug|Any CPU.Build.0 = Debug|Any CPU
		{CF851F86-032E-4A1C-BF5F-6F23D85DFFD5}.Release|Any CPU.ActiveCfg = Release|Any CPU
		{CF851F86-032E-4A1C-BF5F-6F23D85DFFD5}.Release|Any CPU.Build.0 = Release|Any CPU
		{B3703892-277E-4AA7-A0DD-8D0796489101}.Debug|Any CPU.ActiveCfg = Debug|Any CPU
		{B3703892-277E-4AA7-A0DD-8D0796489101}.Debug|Any CPU.Build.0 = Debug|Any CPU
		{B3703892-277E-4AA7-A0DD-8D0796489101}.Release|Any CPU.ActiveCfg = Release|Any CPU
		{B3703892-277E-4AA7-A0DD-8D0796489101}.Release|Any CPU.Build.0 = Release|Any CPU
		{72E78A52-AAD8-4578-A186-925ABCB50077}.Debug|Any CPU.ActiveCfg = Debug|Any CPU
		{72E78A52-AAD8-4578-A186-925ABCB50077}.Debug|Any CPU.Build.0 = Debug|Any CPU
		{72E78A52-AAD8-4578-A186-925ABCB50077}.Release|Any CPU.ActiveCfg = Release|Any CPU
		{72E78A52-AAD8-4578-A186-925ABCB50077}.Release|Any CPU.Build.0 = Release|Any CPU
		{39B90406-FE71-4813-ADA2-851966132AF7}.Debug|Any CPU.ActiveCfg = Debug|Any CPU
		{39B90406-FE71-4813-ADA2-851966132AF7}.Debug|Any CPU.Build.0 = Debug|Any CPU
		{39B90406-FE71-4813-ADA2-851966132AF7}.Release|Any CPU.ActiveCfg = Release|Any CPU
		{39B90406-FE71-4813-ADA2-851966132AF7}.Release|Any CPU.Build.0 = Release|Any CPU
		{9B29992E-D031-4CBE-826A-C8407DBA51CA}.Debug|Any CPU.ActiveCfg = Debug|Any CPU
		{9B29992E-D031-4CBE-826A-C8407DBA51CA}.Debug|Any CPU.Build.0 = Debug|Any CPU
		{9B29992E-D031-4CBE-826A-C8407DBA51CA}.Release|Any CPU.ActiveCfg = Release|Any CPU
		{9B29992E-D031-4CBE-826A-C8407DBA51CA}.Release|Any CPU.Build.0 = Release|Any CPU
		{5A76533C-9D02-48B1-BB07-B7C7617CD895}.Debug|Any CPU.ActiveCfg = Debug|Any CPU
		{5A76533C-9D02-48B1-BB07-B7C7617CD895}.Debug|Any CPU.Build.0 = Debug|Any CPU
		{5A76533C-9D02-48B1-BB07-B7C7617CD895}.Release|Any CPU.ActiveCfg = Release|Any CPU
		{5A76533C-9D02-48B1-BB07-B7C7617CD895}.Release|Any CPU.Build.0 = Release|Any CPU
		{3CA3814C-9961-4564-8564-F0C2F9428554}.Debug|Any CPU.ActiveCfg = Debug|Any CPU
		{3CA3814C-9961-4564-8564-F0C2F9428554}.Debug|Any CPU.Build.0 = Debug|Any CPU
		{3CA3814C-9961-4564-8564-F0C2F9428554}.Release|Any CPU.ActiveCfg = Release|Any CPU
		{3CA3814C-9961-4564-8564-F0C2F9428554}.Release|Any CPU.Build.0 = Release|Any CPU
		{B029B691-557C-4F3A-9231-6ABD4C0C1919}.Debug|Any CPU.ActiveCfg = Debug|Any CPU
		{B029B691-557C-4F3A-9231-6ABD4C0C1919}.Debug|Any CPU.Build.0 = Debug|Any CPU
		{B029B691-557C-4F3A-9231-6ABD4C0C1919}.Release|Any CPU.ActiveCfg = Release|Any CPU
		{B029B691-557C-4F3A-9231-6ABD4C0C1919}.Release|Any CPU.Build.0 = Release|Any CPU
		{FA9223CC-8D61-4216-8E0F-4DB15460BB78}.Debug|Any CPU.ActiveCfg = Debug|Any CPU
		{FA9223CC-8D61-4216-8E0F-4DB15460BB78}.Debug|Any CPU.Build.0 = Debug|Any CPU
		{FA9223CC-8D61-4216-8E0F-4DB15460BB78}.Release|Any CPU.ActiveCfg = Release|Any CPU
		{FA9223CC-8D61-4216-8E0F-4DB15460BB78}.Release|Any CPU.Build.0 = Release|Any CPU
	EndGlobalSection
	GlobalSection(SolutionProperties) = preSolution
		HideSolutionNode = FALSE
	EndGlobalSection
	GlobalSection(NestedProjects) = preSolution
		{C194E246-25DD-4660-B635-5882233792C6} = {A9204EF7-6FDC-4A39-A5DF-79989788D50D}
		{2855A488-F10D-4FD9-AA1C-15AD905994B3} = {C194E246-25DD-4660-B635-5882233792C6}
		{CF851F86-032E-4A1C-BF5F-6F23D85DFFD5} = {C194E246-25DD-4660-B635-5882233792C6}
		{B3703892-277E-4AA7-A0DD-8D0796489101} = {C194E246-25DD-4660-B635-5882233792C6}
		{72E78A52-AAD8-4578-A186-925ABCB50077} = {5062EB51-B061-4777-AB5B-84F87AD8D77F}
		{39B90406-FE71-4813-ADA2-851966132AF7} = {5062EB51-B061-4777-AB5B-84F87AD8D77F}
		{927711C4-032D-4714-B0CD-65A5F480BCDE} = {A9204EF7-6FDC-4A39-A5DF-79989788D50D}
		{9B29992E-D031-4CBE-826A-C8407DBA51CA} = {927711C4-032D-4714-B0CD-65A5F480BCDE}
		{5A76533C-9D02-48B1-BB07-B7C7617CD895} = {927711C4-032D-4714-B0CD-65A5F480BCDE}
		{3CA3814C-9961-4564-8564-F0C2F9428554} = {A9204EF7-6FDC-4A39-A5DF-79989788D50D}
		{B029B691-557C-4F3A-9231-6ABD4C0C1919} = {5062EB51-B061-4777-AB5B-84F87AD8D77F}
		{FA9223CC-8D61-4216-8E0F-4DB15460BB78} = {C194E246-25DD-4660-B635-5882233792C6}
	EndGlobalSection
	GlobalSection(ExtensibilityGlobals) = postSolution
		SolutionGuid = {4542CFE0-FDC3-4AD2-A34F-DE53B310BE28}
	EndGlobalSection
EndGlobal
